
Microsoft Visual Studio Solution File, Format Version 12.00
# Visual Studio Version 16
VisualStudioVersion = 16.0.30907.101
MinimumVisualStudioVersion = 10.0.40219.1
Project("{F184B08F-C81C-45F6-A57F-5ABD9991F28F}") = "AlanHesapSinifKullanimi", "AlanHesapSinifKullanimi\AlanHesapSinifKullanimi.vbproj", "{8AEF2F71-E1EB-432F-8554-62F1E7D05FFF}"
EndProject
Global
	GlobalSection(SolutionConfigurationPlatforms) = preSolution
		Debug|Any CPU = Debug|Any CPU
		Release|Any CPU = Release|Any CPU
	EndGlobalSection
	GlobalSection(ProjectConfigurationPlatforms) = postSolution
		{8AEF2F71-E1EB-432F-8554-62F1E7D05FFF}.Debug|Any CPU.ActiveCfg = Debug|Any CPU
		{8AEF2F71-E1EB-432F-8554-62F1E7D05FFF}.Debug|Any CPU.Build.0 = Debug|Any CPU
		{8AEF2F71-E1EB-432F-8554-62F1E7D05FFF}.Release|Any CPU.ActiveCfg = Release|Any CPU
		{8AEF2F71-E1EB-432F-8554-62F1E7D05FFF}.Release|Any CPU.Build.0 = Release|Any CPU
	EndGlobalSection
	GlobalSection(SolutionProperties) = preSolution
		HideSolutionNode = FALSE
	EndGlobalSection
	GlobalSection(ExtensibilityGlobals) = postSolution
		SolutionGuid = {D9A1CCD2-71FE-4F45-9878-C9BBF9D344B0}
	EndGlobalSection
EndGlobal
