
Microsoft Visual Studio Solution File, Format Version 12.00
# Visual Studio Version 16
VisualStudioVersion = 16.0.30907.101
MinimumVisualStudioVersion = 10.0.40219.1
Project("{F184B08F-C81C-45F6-A57F-5ABD9991F28F}") = "HashKoduUret", "HashKoduUret\HashKoduUret.vbproj", "{1280F993-FAED-4560-A37D-21F32A4A3B3F}"
EndProject
Global
	GlobalSection(SolutionConfigurationPlatforms) = preSolution
		Debug|Any CPU = Debug|Any CPU
		Release|Any CPU = Release|Any CPU
	EndGlobalSection
	GlobalSection(ProjectConfigurationPlatforms) = postSolution
		{1280F993-FAED-4560-A37D-21F32A4A3B3F}.Debug|Any CPU.ActiveCfg = Debug|Any CPU
		{1280F993-FAED-4560-A37D-21F32A4A3B3F}.Debug|Any CPU.Build.0 = Debug|Any CPU
		{1280F993-FAED-4560-A37D-21F32A4A3B3F}.Release|Any CPU.ActiveCfg = Release|Any CPU
		{1280F993-FAED-4560-A37D-21F32A4A3B3F}.Release|Any CPU.Build.0 = Release|Any CPU
	EndGlobalSection
	GlobalSection(SolutionProperties) = preSolution
		HideSolutionNode = FALSE
	EndGlobalSection
	GlobalSection(ExtensibilityGlobals) = postSolution
		SolutionGuid = {70D42B19-384F-4AC9-BEC7-74809768F241}
	EndGlobalSection
EndGlobal
